<Solution>
  <Folder Name="/src/">
    <Project Path="src/DotEnvConfigProvider/DotEnvConfigProvider.csproj" />
  </Folder>
  <Folder Name="/tests/">
    <Project Path="tests/DotEnvConfigProvider.Integration.Tests\DotEnvConfigProvider.Integration.Tests.csproj" Type="Classic C#" />
  </Folder>
</Solution>